<?xml version="1.0" encoding="utf-8"?>
<Project ToolsVersion="4.0" xmlns="http://schemas.microsoft.com/developer/msbuild/2003">
  <ItemGroup>
    <Filter Include="Source Files">
      <UniqueIdentifier>{4FC737F1-C7A5-4376-A066-2A32D752A2FF}</UniqueIdentifier>
      <Extensions>cpp;c;cc;cxx;c++;cppm;ixx;def;odl;idl;hpj;bat;asm;asmx</Extensions>
    </Filter>
    <Filter Include="Header Files">
      <UniqueIdentifier>{93995380-89BD-4b04-88EB-625FBE52EBFB}</UniqueIdentifier>
      <Extensions>h;hh;hpp;hxx;h++;hm;inl;inc;ipp;xsd</Extensions>
    </Filter>
    <Filter Include="Resource Files">
      <UniqueIdentifier>{67DA6AB6-F800-4c08-8B7A-83BB121AAD01}</UniqueIdentifier>
      <Extensions>rc;ico;cur;bmp;dlg;rc2;rct;bin;rgs;gif;jpg;jpeg;jpe;resx;tiff;tif;png;wav;mfcribbon-ms</Extensions>
    </Filter>
    <Filter Include="Header Files\behavior">
      <UniqueIdentifier>{78b7df81-c2fb-445b-8d0e-ad368587490c}</UniqueIdentifier>
    </Filter>
    <Filter Include="Header Files\geometry">
      <UniqueIdentifier>{775b85f5-c167-43f1-9b0f-9cf614241028}</UniqueIdentifier>
    </Filter>
    <Filter Include="Header Files\logic">
      <UniqueIdentifier>{14d8f3b4-6d12-45c5-bc5d-74c6f8275562}</UniqueIdentifier>
    </Filter>
    <Filter Include="Header Files\physics">
      <UniqueIdentifier>{254fc0c1-65ea-4bb9-8fbe-3085ef840d6d}</UniqueIdentifier>
    </Filter>
    <Filter Include="Header Files\transform">
      <UniqueIdentifier>{743cb830-ef37-4a19-a7d0-dbd31443873d}</UniqueIdentifier>
    </Filter>
    <Filter Include="Header Files\utilities">
      <UniqueIdentifier>{a33c5181-d757-477a-84e7-9d2e83ebc29b}</UniqueIdentifier>
    </Filter>
    <Filter Include="Source Files\behavior">
      <UniqueIdentifier>{00d92a8e-60ef-4d3c-8626-683a7b789b52}</UniqueIdentifier>
    </Filter>
    <Filter Include="Source Files\logic">
      <UniqueIdentifier>{ab1b290d-9782-4f5e-b171-637849f5e62d}</UniqueIdentifier>
    </Filter>
    <Filter Include="Source Files\physics">
      <UniqueIdentifier>{5a781fac-979f-46bd-ab12-22381c838bf9}</UniqueIdentifier>
    </Filter>
    <Filter Include="Source Files\transform">
      <UniqueIdentifier>{24618d8e-90d0-467a-ac0d-e64633c8e042}</UniqueIdentifier>
    </Filter>
    <Filter Include="Header Files\text">
      <UniqueIdentifier>{705566f2-fca6-46ad-a485-7b4d775c6eb7}</UniqueIdentifier>
    </Filter>
    <Filter Include="Source Files\text">
      <UniqueIdentifier>{f0ede136-f101-4aaf-b4c6-9d094cf586ff}</UniqueIdentifier>
    </Filter>
    <Filter Include="Header Files\ui">
      <UniqueIdentifier>{ab889bb5-8e42-4c3c-8243-b73e1611367b}</UniqueIdentifier>
    </Filter>
    <Filter Include="Source Files\ui">
      <UniqueIdentifier>{a6e9267e-6092-418d-9370-aaa28fa1d2ed}</UniqueIdentifier>
    </Filter>
  </ItemGroup>
  <ItemGroup>
    <ClInclude Include="..\include\utilities\Simplex.h">
      <Filter>Header Files\utilities</Filter>
    </ClInclude>
    <ClInclude Include="..\include\utilities\Units.h">
      <Filter>Header Files\utilities</Filter>
    </ClInclude>
    <ClInclude Include="..\include\transform\Transform.h">
      <Filter>Header Files\transform</Filter>
    </ClInclude>
    <ClInclude Include="..\include\transform\TransformSystem.h">
      <Filter>Header Files\transform</Filter>
    </ClInclude>
    <ClInclude Include="..\include\physics\PhysicsSystem.h">
      <Filter>Header Files\physics</Filter>
    </ClInclude>
    <ClInclude Include="..\include\physics\PhysicsUtils.h">
      <Filter>Header Files\physics</Filter>
    </ClInclude>
    <ClInclude Include="..\include\logic\LogicalLayer.h">
      <Filter>Header Files\logic</Filter>
    </ClInclude>
    <ClInclude Include="..\include\logic\LogicState.h">
      <Filter>Header Files\logic</Filter>
    </ClInclude>
    <ClInclude Include="..\include\logic\StateSystem.h">
      <Filter>Header Files\logic</Filter>
    </ClInclude>
    <ClInclude Include="..\include\geometry\Geometry.h">
      <Filter>Header Files\geometry</Filter>
    </ClInclude>
    <ClInclude Include="..\include\geometry\GeometryUtils.h">
      <Filter>Header Files\geometry</Filter>
    </ClInclude>
    <ClInclude Include="..\include\behavior\Alignment.h">
      <Filter>Header Files\behavior</Filter>
    </ClInclude>
    <ClInclude Include="..\include\behavior\BehaviorSystem.h">
      <Filter>Header Files\behavior</Filter>
    </ClInclude>
    <ClInclude Include="..\include\behavior\Cohesion.h">
      <Filter>Header Files\behavior</Filter>
    </ClInclude>
    <ClInclude Include="..\include\behavior\NoiseField.h">
      <Filter>Header Files\behavior</Filter>
    </ClInclude>
    <ClInclude Include="..\include\behavior\Separation.h">
      <Filter>Header Files\behavior</Filter>
    </ClInclude>
    <ClInclude Include="..\include\behavior\Target.h">
      <Filter>Header Files\behavior</Filter>
    </ClInclude>
    <ClInclude Include="..\include\Ecs.h">
      <Filter>Header Files</Filter>
    </ClInclude>
    <ClInclude Include="framework.h">
      <Filter>Header Files</Filter>
    </ClInclude>
    <ClInclude Include="..\include\physics\StaticBody.h">
      <Filter>Header Files\physics</Filter>
    </ClInclude>
    <ClInclude Include="..\include\physics\DynamicBody.h">
      <Filter>Header Files\physics</Filter>
    </ClInclude>
    <ClInclude Include="..\include\physics\OverlapDetector.h">
      <Filter>Header Files\physics</Filter>
    </ClInclude>
    <ClInclude Include="..\include\physics\ParticleSystem.h">
      <Filter>Header Files\physics</Filter>
    </ClInclude>
    <ClInclude Include="..\include\physics\Particle.h">
      <Filter>Header Files\physics</Filter>
    </ClInclude>
    <ClInclude Include="..\include\physics\Force.h">
      <Filter>Header Files\physics</Filter>
    </ClInclude>
    <ClInclude Include="..\include\physics\Attractor.h">
      <Filter>Header Files\physics</Filter>
    </ClInclude>
    <ClInclude Include="..\include\physics\Spring.h">
      <Filter>Header Files\physics</Filter>
    </ClInclude>
    <ClInclude Include="..\include\text\Glyph.h">
      <Filter>Header Files\text</Filter>
    </ClInclude>
    <ClInclude Include="..\include\text\TextSystem.h">
      <Filter>Header Files\text</Filter>
    </ClInclude>
    <ClInclude Include="..\include\ui\Clickable2D.h">
      <Filter>Header Files\ui</Filter>
    </ClInclude>
    <ClInclude Include="..\include\ui\MouseSystem.h">
      <Filter>Header Files\ui</Filter>
    </ClInclude>
    <ClInclude Include="..\include\text\GlyphString.h">
      <Filter>Header Files\text</Filter>
    </ClInclude>
  </ItemGroup>
  <ItemGroup>
    <ClCompile Include="..\src\behavior\BehaviorSystem.cpp">
      <Filter>Source Files\behavior</Filter>
    </ClCompile>
    <ClCompile Include="..\src\logic\StateSystem.cpp">
      <Filter>Source Files\logic</Filter>
    </ClCompile>
    <ClCompile Include="..\src\physics\PhysicsSystem.cpp">
      <Filter>Source Files\physics</Filter>
    </ClCompile>
    <ClCompile Include="..\src\transform\TransformSystem.cpp">
      <Filter>Source Files\transform</Filter>
    </ClCompile>
    <ClCompile Include="sitara-ecs.cpp">
      <Filter>Source Files</Filter>
    </ClCompile>
    <ClCompile Include="..\src\physics\ParticleSystem.cpp">
      <Filter>Source Files\physics</Filter>
    </ClCompile>
    <ClCompile Include="..\src\text\TextSystem.cpp">
      <Filter>Source Files\text</Filter>
    </ClCompile>
    <ClCompile Include="..\src\ui\MouseSystem.cpp">
      <Filter>Source Files\ui</Filter>
    </ClCompile>
  </ItemGroup>
</Project>